
Microsoft Visual Studio Solution File, Format Version 12.00
# Visual Studio Version 16
VisualStudioVersion = 16.0.31911.196
MinimumVisualStudioVersion = 10.0.40219.1
Project("{FAE04EC0-301F-11D3-BF4B-00C04F79EFBC}") = "DemoEkzGorodkov", "DemoEkzGorodkov.csproj", "{8DB46C3D-E9A5-481F-8078-A78E5EFC6EFA}"
EndProject
Global
	GlobalSection(SolutionConfigurationPlatforms) = preSolution
		Debug|Any CPU = Debug|Any CPU
		Release|Any CPU = Release|Any CPU
	EndGlobalSection
	GlobalSection(ProjectConfigurationPlatforms) = postSolution
		{8DB46C3D-E9A5-481F-8078-A78E5EFC6EFA}.Debug|Any CPU.ActiveCfg = Debug|Any CPU
		{8DB46C3D-E9A5-481F-8078-A78E5EFC6EFA}.Debug|Any CPU.Build.0 = Debug|Any CPU
		{8DB46C3D-E9A5-481F-8078-A78E5EFC6EFA}.Release|Any CPU.ActiveCfg = Release|Any CPU
		{8DB46C3D-E9A5-481F-8078-A78E5EFC6EFA}.Release|Any CPU.Build.0 = Release|Any CPU
	EndGlobalSection
	GlobalSection(SolutionProperties) = preSolution
		HideSolutionNode = FALSE
	EndGlobalSection
	GlobalSection(ExtensibilityGlobals) = postSolution
		SolutionGuid = {233DFD6B-A336-453D-AC3E-6C075F93F670}
	EndGlobalSection
EndGlobal
